// !$*UTF8*$!
{
	archiveVersion = 1;
	classes = {
	};
	objectVersion = 46;
	objects = {

/* Begin PBXBuildFile section */
		42EDB524191E3E7F00DC0E39 /* Foundation.framework in Frameworks */ = {isa = PBXBuildFile; fileRef = 42EDB523191E3E7F00DC0E39 /* Foundation.framework */; };
		42EDB526191E3E7F00DC0E39 /* CoreGraphics.framework in Frameworks */ = {isa = PBXBuildFile; fileRef = 42EDB525191E3E7F00DC0E39 /* CoreGraphics.framework */; };
		42EDB528191E3E7F00DC0E39 /* UIKit.framework in Frameworks */ = {isa = PBXBuildFile; fileRef = 42EDB527191E3E7F00DC0E39 /* UIKit.framework */; };
		42EDB52E191E3E7F00DC0E39 /* InfoPlist.strings in Resources */ = {isa = PBXBuildFile; fileRef = 42EDB52C191E3E7F00DC0E39 /* InfoPlist.strings */; };
		42EDB530191E3E7F00DC0E39 /* main.m in Sources */ = {isa = PBXBuildFile; fileRef = 42EDB52F191E3E7F00DC0E39 /* main.m */; };
		42EDB534191E3E7F00DC0E39 /* AppDelegate.m in Sources */ = {isa = PBXBuildFile; fileRef = 42EDB533191E3E7F00DC0E39 /* AppDelegate.m */; };
		42EDB537191E3E7F00DC0E39 /* Main.storyboard in Resources */ = {isa = PBXBuildFile; fileRef = 42EDB535191E3E7F00DC0E39 /* Main.storyboard */; };
		42EDB53A191E3E7F00DC0E39 /* ViewController.m in Sources */ = {isa = PBXBuildFile; fileRef = 42EDB539191E3E7F00DC0E39 /* ViewController.m */; };
		42EDB53C191E3E7F00DC0E39 /* Images.xcassets in Resources */ = {isa = PBXBuildFile; fileRef = 42EDB53B191E3E7F00DC0E39 /* Images.xcassets */; };
		42EDB543191E3E7F00DC0E39 /* XCTest.framework in Frameworks */ = {isa = PBXBuildFile; fileRef = 42EDB542191E3E7F00DC0E39 /* XCTest.framework */; };
		42EDB544191E3E7F00DC0E39 /* Foundation.framework in Frameworks */ = {isa = PBXBuildFile; fileRef = 42EDB523191E3E7F00DC0E39 /* Foundation.framework */; };
		42EDB545191E3E7F00DC0E39 /* UIKit.framework in Frameworks */ = {isa = PBXBuildFile; fileRef = 42EDB527191E3E7F00DC0E39 /* UIKit.framework */; };
		42EDB54D191E3E7F00DC0E39 /* InfoPlist.strings in Resources */ = {isa = PBXBuildFile; fileRef = 42EDB54B191E3E7F00DC0E39 /* InfoPlist.strings */; };
		42EDB54F191E3E7F00DC0E39 /* ClearTests.m in Sources */ = {isa = PBXBuildFile; fileRef = 42EDB54E191E3E7F00DC0E39 /* ClearTests.m */; };
/* End PBXBuildFile section */

/* Begin PBXContainerItemProxy section */
		42EDB546191E3E7F00DC0E39 /* PBXContainerItemProxy */ = {
			isa = PBXContainerItemProxy;
			containerPortal = 42EDB518191E3E7F00DC0E39 /* Project object */;
			proxyType = 1;
			remoteGlobalIDString = 42EDB51F191E3E7F00DC0E39;
			remoteInfo = Clear;
		};
/* End PBXContainerItemProxy section */

/* Begin PBXFileReference section */
		42EDB520191E3E7F00DC0E39 /* Clear.app */ = {isa = PBXFileReference; explicitFileType = wrapper.application; includeInIndex = 0; path = Clear.app; sourceTree = BUILT_PRODUCTS_DIR; };
		42EDB523191E3E7F00DC0E39 /* Foundation.framework */ = {isa = PBXFileReference; lastKnownFileType = wrapper.framework; name = Foundation.framework; path = System/Library/Frameworks/Foundation.framework; sourceTree = SDKROOT; };
		42EDB525191E3E7F00DC0E39 /* CoreGraphics.framework */ = {isa = PBXFileReference; lastKnownFileType = wrapper.framework; name = CoreGraphics.framework; path = System/Library/Frameworks/CoreGraphics.framework; sourceTree = SDKROOT; };
		42EDB527191E3E7F00DC0E39 /* UIKit.framework */ = {isa = PBXFileReference; lastKnownFileType = wrapper.framework; name = UIKit.framework; path = System/Library/Frameworks/UIKit.framework; sourceTree = SDKROOT; };
		42EDB52B191E3E7F00DC0E39 /* Clear-Info.plist */ = {isa = PBXFileReference; lastKnownFileType = text.plist.xml; path = "Clear-Info.plist"; sourceTree = "<group>"; };
		42EDB52D191E3E7F00DC0E39 /* en */ = {isa = PBXFileReference; lastKnownFileType = text.plist.strings; name = en; path = en.lproj/InfoPlist.strings; sourceTree = "<group>"; };
		42EDB52F191E3E7F00DC0E39 /* main.m */ = {isa = PBXFileReference; lastKnownFileType = sourcecode.c.objc; path = main.m; sourceTree = "<group>"; };
		42EDB531191E3E7F00DC0E39 /* Clear-Prefix.pch */ = {isa = PBXFileReference; lastKnownFileType = sourcecode.c.h; path = "Clear-Prefix.pch"; sourceTree = "<group>"; };
		42EDB532191E3E7F00DC0E39 /* AppDelegate.h */ = {isa = PBXFileReference; lastKnownFileType = sourcecode.c.h; path = AppDelegate.h; sourceTree = "<group>"; };
		42EDB533191E3E7F00DC0E39 /* AppDelegate.m */ = {isa = PBXFileReference; lastKnownFileType = sourcecode.c.objc; path = AppDelegate.m; sourceTree = "<group>"; };
		42EDB536191E3E7F00DC0E39 /* Base */ = {isa = PBXFileReference; lastKnownFileType = file.storyboard; name = Base; path = Base.lproj/Main.storyboard; sourceTree = "<group>"; };
		42EDB538191E3E7F00DC0E39 /* ViewController.h */ = {isa = PBXFileReference; lastKnownFileType = sourcecode.c.h; path = ViewController.h; sourceTree = "<group>"; };
		42EDB539191E3E7F00DC0E39 /* ViewController.m */ = {isa = PBXFileReference; lastKnownFileType = sourcecode.c.objc; path = ViewController.m; sourceTree = "<group>"; };
		42EDB53B191E3E7F00DC0E39 /* Images.xcassets */ = {isa = PBXFileReference; lastKnownFileType = folder.assetcatalog; path = Images.xcassets; sourceTree = "<group>"; };
		42EDB541191E3E7F00DC0E39 /* ClearTests.xctest */ = {isa = PBXFileReference; explicitFileType = wrapper.cfbundle; includeInIndex = 0; path = ClearTests.xctest; sourceTree = BUILT_PRODUCTS_DIR; };
		42EDB542191E3E7F00DC0E39 /* XCTest.framework */ = {isa = PBXFileReference; lastKnownFileType = wrapper.framework; name = XCTest.framework; path = Library/Frameworks/XCTest.framework; sourceTree = DEVELOPER_DIR; };
		42EDB54A191E3E7F00DC0E39 /* ClearTests-Info.plist */ = {isa = PBXFileReference; lastKnownFileType = text.plist.xml; path = "ClearTests-Info.plist"; sourceTree = "<group>"; };
		42EDB54C191E3E7F00DC0E39 /* en */ = {isa = PBXFileReference; lastKnownFileType = text.plist.strings; name = en; path = en.lproj/InfoPlist.strings; sourceTree = "<group>"; };
		42EDB54E191E3E7F00DC0E39 /* ClearTests.m */ = {isa = PBXFileReference; lastKnownFileType = sourcecode.c.objc; path = ClearTests.m; sourceTree = "<group>"; };
/* End PBXFileReference section */

/* Begin PBXFrameworksBuildPhase section */
		42EDB51D191E3E7F00DC0E39 /* Frameworks */ = {
			isa = PBXFrameworksBuildPhase;
			buildActionMask = 2147483647;
			files = (
				42EDB526191E3E7F00DC0E39 /* CoreGraphics.framework in Frameworks */,
				42EDB528191E3E7F00DC0E39 /* UIKit.framework in Frameworks */,
				42EDB524191E3E7F00DC0E39 /* Foundation.framework in Frameworks */,
			);
			runOnlyForDeploymentPostprocessing = 0;
		};
		42EDB53E191E3E7F00DC0E39 /* Frameworks */ = {
			isa = PBXFrameworksBuildPhase;
			buildActionMask = 2147483647;
			files = (
				42EDB543191E3E7F00DC0E39 /* XCTest.framework in Frameworks */,
				42EDB545191E3E7F00DC0E39 /* UIKit.framework in Frameworks */,
				42EDB544191E3E7F00DC0E39 /* Foundation.framework in Frameworks */,
			);
			runOnlyForDeploymentPostprocessing = 0;
		};
/* End PBXFrameworksBuildPhase section */

/* Begin PBXGroup section */
		42EDB517191E3E7F00DC0E39 = {
			isa = PBXGroup;
			children = (
				42EDB529191E3E7F00DC0E39 /* Clear */,
				42EDB548191E3E7F00DC0E39 /* ClearTests */,
				42EDB522191E3E7F00DC0E39 /* Frameworks */,
				42EDB521191E3E7F00DC0E39 /* Products */,
			);
			sourceTree = "<group>";
		};
		42EDB521191E3E7F00DC0E39 /* Products */ = {
			isa = PBXGroup;
			children = (
				42EDB520191E3E7F00DC0E39 /* Clear.app */,
				42EDB541191E3E7F00DC0E39 /* ClearTests.xctest */,
			);
			name = Products;
			sourceTree = "<group>";
		};
		42EDB522191E3E7F00DC0E39 /* Frameworks */ = {
			isa = PBXGroup;
			children = (
				42EDB523191E3E7F00DC0E39 /* Foundation.framework */,
				42EDB525191E3E7F00DC0E39 /* CoreGraphics.framework */,
				42EDB527191E3E7F00DC0E39 /* UIKit.framework */,
				42EDB542191E3E7F00DC0E39 /* XCTest.framework */,
			);
			name = Frameworks;
			sourceTree = "<group>";
		};
		42EDB529191E3E7F00DC0E39 /* Clear */ = {
			isa = PBXGroup;
			children = (
				42EDB532191E3E7F00DC0E39 /* AppDelegate.h */,
				42EDB533191E3E7F00DC0E39 /* AppDelegate.m */,
				42EDB535191E3E7F00DC0E39 /* Main.storyboard */,
				42EDB538191E3E7F00DC0E39 /* ViewController.h */,
				42EDB539191E3E7F00DC0E39 /* ViewController.m */,
				42EDB53B191E3E7F00DC0E39 /* Images.xcassets */,
				42EDB52A191E3E7F00DC0E39 /* Supporting Files */,
			);
			path = Clear;
			sourceTree = "<group>";
		};
		42EDB52A191E3E7F00DC0E39 /* Supporting Files */ = {
			isa = PBXGroup;
			children = (
				42EDB52B191E3E7F00DC0E39 /* Clear-Info.plist */,
				42EDB52C191E3E7F00DC0E39 /* InfoPlist.strings */,
				42EDB52F191E3E7F00DC0E39 /* main.m */,
				42EDB531191E3E7F00DC0E39 /* Clear-Prefix.pch */,
			);
			name = "Supporting Files";
			sourceTree = "<group>";
		};
		42EDB548191E3E7F00DC0E39 /* ClearTests */ = {
			isa = PBXGroup;
			children = (
				42EDB54E191E3E7F00DC0E39 /* ClearTests.m */,
				42EDB549191E3E7F00DC0E39 /* Supporting Files */,
			);
			path = ClearTests;
			sourceTree = "<group>";
		};
		42EDB549191E3E7F00DC0E39 /* Supporting Files */ = {
			isa = PBXGroup;
			children = (
				42EDB54A191E3E7F00DC0E39 /* ClearTests-Info.plist */,
				42EDB54B191E3E7F00DC0E39 /* InfoPlist.strings */,
			);
			name = "Supporting Files";
			sourceTree = "<group>";
		};
/* End PBXGroup section */

/* Begin PBXNativeTarget section */
		42EDB51F191E3E7F00DC0E39 /* Clear */ = {
			isa = PBXNativeTarget;
			buildConfigurationList = 42EDB552191E3E7F00DC0E39 /* Build configuration list for PBXNativeTarget "Clear" */;
			buildPhases = (
				42EDB51C191E3E7F00DC0E39 /* Sources */,
				42EDB51D191E3E7F00DC0E39 /* Frameworks */,
				42EDB51E191E3E7F00DC0E39 /* Resources */,
			);
			buildRules = (
			);
			dependencies = (
			);
			name = Clear;
			productName = Clear;
			productReference = 42EDB520191E3E7F00DC0E39 /* Clear.app */;
			productType = "com.apple.product-type.application";
		};
		42EDB540191E3E7F00DC0E39 /* ClearTests */ = {
			isa = PBXNativeTarget;
			buildConfigurationList = 42EDB555191E3E7F00DC0E39 /* Build configuration list for PBXNativeTarget "ClearTests" */;
			buildPhases = (
				42EDB53D191E3E7F00DC0E39 /* Sources */,
				42EDB53E191E3E7F00DC0E39 /* Frameworks */,
				42EDB53F191E3E7F00DC0E39 /* Resources */,
			);
			buildRules = (
			);
			dependencies = (
				42EDB547191E3E7F00DC0E39 /* PBXTargetDependency */,
			);
			name = ClearTests;
			productName = ClearTests;
			productReference = 42EDB541191E3E7F00DC0E39 /* ClearTests.xctest */;
			productType = "com.apple.product-type.bundle.unit-test";
		};
/* End PBXNativeTarget section */

/* Begin PBXProject section */
		42EDB518191E3E7F00DC0E39 /* Project object */ = {
			isa = PBXProject;
			attributes = {
				LastUpgradeCheck = 0510;
				ORGANIZATIONNAME = "HAJIME MAEDA";
				TargetAttributes = {
					42EDB540191E3E7F00DC0E39 = {
						TestTargetID = 42EDB51F191E3E7F00DC0E39;
					};
				};
			};
			buildConfigurationList = 42EDB51B191E3E7F00DC0E39 /* Build configuration list for PBXProject "Clear" */;
			compatibilityVersion = "Xcode 3.2";
			developmentRegion = English;
			hasScannedForEncodings = 0;
			knownRegions = (
				en,
				Base,
			);
			mainGroup = 42EDB517191E3E7F00DC0E39;
			productRefGroup = 42EDB521191E3E7F00DC0E39 /* Products */;
			projectDirPath = "";
			projectRoot = "";
			targets = (
				42EDB51F191E3E7F00DC0E39 /* Clear */,
				42EDB540191E3E7F00DC0E39 /* ClearTests */,
			);
		};
/* End PBXProject section */

/* Begin PBXResourcesBuildPhase section */
		42EDB51E191E3E7F00DC0E39 /* Resources */ = {
			isa = PBXResourcesBuildPhase;
			buildActionMask = 2147483647;
			files = (
				42EDB53C191E3E7F00DC0E39 /* Images.xcassets in Resources */,
				42EDB52E191E3E7F00DC0E39 /* InfoPlist.strings in Resources */,
				42EDB537191E3E7F00DC0E39 /* Main.storyboard in Resources */,
			);
			runOnlyForDeploymentPostprocessing = 0;
		};
		42EDB53F191E3E7F00DC0E39 /* Resources */ = {
			isa = PBXResourcesBuildPhase;
			buildActionMask = 2147483647;
			files = (
				42EDB54D191E3E7F00DC0E39 /* InfoPlist.strings in Resources */,
			);
			runOnlyForDeploymentPostprocessing = 0;
		};
/* End PBXResourcesBuildPhase section */

/* Begin PBXSourcesBuildPhase section */
		42EDB51C191E3E7F00DC0E39 /* Sources */ = {
			isa = PBXSourcesBuildPhase;
			buildActionMask = 2147483647;
			files = (
				42EDB53A191E3E7F00DC0E39 /* ViewController.m in Sources */,
				42EDB534191E3E7F00DC0E39 /* AppDelegate.m in Sources */,
				42EDB530191E3E7F00DC0E39 /* main.m in Sources */,
			);
			runOnlyForDeploymentPostprocessing = 0;
		};
		42EDB53D191E3E7F00DC0E39 /* Sources */ = {
			isa = PBXSourcesBuildPhase;
			buildActionMask = 2147483647;
			files = (
				42EDB54F191E3E7F00DC0E39 /* ClearTests.m in Sources */,
			);
			runOnlyForDeploymentPostprocessing = 0;
		};
/* End PBXSourcesBuildPhase section */

/* Begin PBXTargetDependency section */
		42EDB547191E3E7F00DC0E39 /* PBXTargetDependency */ = {
			isa = PBXTargetDependency;
			target = 42EDB51F191E3E7F00DC0E39 /* Clear */;
			targetProxy = 42EDB546191E3E7F00DC0E39 /* PBXContainerItemProxy */;
		};
/* End PBXTargetDependency section */

/* Begin PBXVariantGroup section */
		42EDB52C191E3E7F00DC0E39 /* InfoPlist.strings */ = {
			isa = PBXVariantGroup;
			children = (
				42EDB52D191E3E7F00DC0E39 /* en */,
			);
			name = InfoPlist.strings;
			sourceTree = "<group>";
		};
		42EDB535191E3E7F00DC0E39 /* Main.storyboard */ = {
			isa = PBXVariantGroup;
			children = (
				42EDB536191E3E7F00DC0E39 /* Base */,
			);
			name = Main.storyboard;
			sourceTree = "<group>";
		};
		42EDB54B191E3E7F00DC0E39 /* InfoPlist.strings */ = {
			isa = PBXVariantGroup;
			children = (
				42EDB54C191E3E7F00DC0E39 /* en */,
			);
			name = InfoPlist.strings;
			sourceTree = "<group>";
		};
/* End PBXVariantGroup section */

/* Begin XCBuildConfiguration section */
		42EDB550191E3E7F00DC0E39 /* Debug */ = {
			isa = XCBuildConfiguration;
			buildSettings = {
				ALWAYS_SEARCH_USER_PATHS = NO;
				CLANG_CXX_LANGUAGE_STANDARD = "gnu++0x";
				CLANG_CXX_LIBRARY = "libc++";
				CLANG_ENABLE_MODULES = YES;
				CLANG_ENABLE_OBJC_ARC = YES;
				CLANG_WARN_BOOL_CONVERSION = YES;
				CLANG_WARN_CONSTANT_CONVERSION = YES;
				CLANG_WARN_DIRECT_OBJC_ISA_USAGE = YES_ERROR;
				CLANG_WARN_EMPTY_BODY = YES;
				CLANG_WARN_ENUM_CONVERSION = YES;
				CLANG_WARN_INT_CONVERSION = YES;
				CLANG_WARN_OBJC_ROOT_CLASS = YES_ERROR;
				CLANG_WARN__DUPLICATE_METHOD_MATCH = YES;
				"CODE_SIGN_IDENTITY[sdk=iphoneos*]" = "iPhone Developer";
				COPY_PHASE_STRIP = NO;
				GCC_C_LANGUAGE_STANDARD = gnu99;
				GCC_DYNAMIC_NO_PIC = NO;
				GCC_OPTIMIZATION_LEVEL = 0;
				GCC_PREPROCESSOR_DEFINITIONS = (
					"DEBUG=1",
					"$(inherited)",
				);
				GCC_SYMBOLS_PRIVATE_EXTERN = NO;
				GCC_WARN_64_TO_32_BIT_CONVERSION = YES;
				GCC_WARN_ABOUT_RETURN_TYPE = YES_ERROR;
				GCC_WARN_UNDECLARED_SELECTOR = YES;
				GCC_WARN_UNINITIALIZED_AUTOS = YES_AGGRESSIVE;
				GCC_WARN_UNUSED_FUNCTION = YES;
				GCC_WARN_UNUSED_VARIABLE = YES;
				IPHONEOS_DEPLOYMENT_TARGET = 7.1;
				ONLY_ACTIVE_ARCH = YES;
				SDKROOT = iphoneos;
			};
			name = Debug;
		};
		42EDB551191E3E7F00DC0E39 /* Release */ = {
			isa = XCBuildConfiguration;
			buildSettings = {
				ALWAYS_SEARCH_USER_PATHS = NO;
				CLANG_CXX_LANGUAGE_STANDARD = "gnu++0x";
				CLANG_CXX_LIBRARY = "libc++";
				CLANG_ENABLE_MODULES = YES;
				CLANG_ENABLE_OBJC_ARC = YES;
				CLANG_WARN_BOOL_CONVERSION = YES;
				CLANG_WARN_CONSTANT_CONVERSION = YES;
				CLANG_WARN_DIRECT_OBJC_ISA_USAGE = YES_ERROR;
				CLANG_WARN_EMPTY_BODY = YES;
				CLANG_WARN_ENUM_CONVERSION = YES;
				CLANG_WARN_INT_CONVERSION = YES;
				CLANG_WARN_OBJC_ROOT_CLASS = YES_ERROR;
				CLANG_WARN__DUPLICATE_METHOD_MATCH = YES;
				"CODE_SIGN_IDENTITY[sdk=iphoneos*]" = "iPhone Developer";
				COPY_PHASE_STRIP = YES;
				ENABLE_NS_ASSERTIONS = NO;
				GCC_C_LANGUAGE_STANDARD = gnu99;
				GCC_WARN_64_TO_32_BIT_CONVERSION = YES;
				GCC_WARN_ABOUT_RETURN_TYPE = YES_ERROR;
				GCC_WARN_UNDECLARED_SELECTOR = YES;
				GCC_WARN_UNINITIALIZED_AUTOS = YES_AGGRESSIVE;
				GCC_WARN_UNUSED_FUNCTION = YES;
				GCC_WARN_UNUSED_VARIABLE = YES;
				IPHONEOS_DEPLOYMENT_TARGET = 7.1;
				SDKROOT = iphoneos;
				VALIDATE_PRODUCT = YES;
			};
			name = Release;
		};
		42EDB553191E3E7F00DC0E39 /* Debug */ = {
			isa = XCBuildConfiguration;
			buildSettings = {
				ASSETCATALOG_COMPILER_APPICON_NAME = AppIcon;
				ASSETCATALOG_COMPILER_LAUNCHIMAGE_NAME = LaunchImage;
				GCC_PRECOMPILE_PREFIX_HEADER = YES;
				GCC_PREFIX_HEADER = "Clear/Clear-Prefix.pch";
				INFOPLIST_FILE = "Clear/Clear-Info.plist";
				PRODUCT_NAME = "$(TARGET_NAME)";
				WRAPPER_EXTENSION = app;
			};
			name = Debug;
		};
		42EDB554191E3E7F00DC0E39 /* Release */ = {
			isa = XCBuildConfiguration;
			buildSettings = {
				ASSETCATALOG_COMPILER_APPICON_NAME = AppIcon;
				ASSETCATALOG_COMPILER_LAUNCHIMAGE_NAME = LaunchImage;
				GCC_PRECOMPILE_PREFIX_HEADER = YES;
				GCC_PREFIX_HEADER = "Clear/Clear-Prefix.pch";
				INFOPLIST_FILE = "Clear/Clear-Info.plist";
				PRODUCT_NAME = "$(TARGET_NAME)";
				WRAPPER_EXTENSION = app;
			};
			name = Release;
		};
		42EDB556191E3E7F00DC0E39 /* Debug */ = {
			isa = XCBuildConfiguration;
			buildSettings = {
				BUNDLE_LOADER = "$(BUILT_PRODUCTS_DIR)/Clear.app/Clear";
				FRAMEWORK_SEARCH_PATHS = (
					"$(SDKROOT)/Developer/Library/Frameworks",
					"$(inherited)",
					"$(DEVELOPER_FRAMEWORKS_DIR)",
				);
				GCC_PRECOMPILE_PREFIX_HEADER = YES;
				GCC_PREFIX_HEADER = "Clear/Clear-Prefix.pch";
				GCC_PREPROCESSOR_DEFINITIONS = (
					"DEBUG=1",
					"$(inherited)",
				);
				INFOPLIST_FILE = "ClearTests/ClearTests-Info.plist";
				PRODUCT_NAME = "$(TARGET_NAME)";
				TEST_HOST = "$(BUNDLE_LOADER)";
				WRAPPER_EXTENSION = xctest;
			};
			name = Debug;
		};
		42EDB557191E3E7F00DC0E39 /* Release */ = {
			isa = XCBuildConfiguration;
			buildSettings = {
				BUNDLE_LOADER = "$(BUILT_PRODUCTS_DIR)/Clear.app/Clear";
				FRAMEWORK_SEARCH_PATHS = (
					"$(SDKROOT)/Developer/Library/Frameworks",
					"$(inherited)",
					"$(DEVELOPER_FRAMEWORKS_DIR)",
				);
				GCC_PRECOMPILE_PREFIX_HEADER = YES;
				GCC_PREFIX_HEADER = "Clear/Clear-Prefix.pch";
				INFOPLIST_FILE = "ClearTests/ClearTests-Info.plist";
				PRODUCT_NAME = "$(TARGET_NAME)";
				TEST_HOST = "$(BUNDLE_LOADER)";
				WRAPPER_EXTENSION = xctest;
			};
			name = Release;
		};
/* End XCBuildConfiguration section */

/* Begin XCConfigurationList section */
		42EDB51B191E3E7F00DC0E39 /* Build configuration list for PBXProject "Clear" */ = {
			isa = XCConfigurationList;
			buildConfigurations = (
				42EDB550191E3E7F00DC0E39 /* Debug */,
				42EDB551191E3E7F00DC0E39 /* Release */,
			);
			defaultConfigurationIsVisible = 0;
			defaultConfigurationName = Release;
		};
		42EDB552191E3E7F00DC0E39 /* Build configuration list for PBXNativeTarget "Clear" */ = {
			isa = XCConfigurationList;
			buildConfigurations = (
				42EDB553191E3E7F00DC0E39 /* Debug */,
				42EDB554191E3E7F00DC0E39 /* Release */,
			);
			defaultConfigurationIsVisible = 0;
		};
		42EDB555191E3E7F00DC0E39 /* Build configuration list for PBXNativeTarget "ClearTests" */ = {
			isa = XCConfigurationList;
			buildConfigurations = (
				42EDB556191E3E7F00DC0E39 /* Debug */,
				42EDB557191E3E7F00DC0E39 /* Release */,
			);
			defaultConfigurationIsVisible = 0;
		};
/* End XCConfigurationList section */
	};
	rootObject = 42EDB518191E3E7F00DC0E39 /* Project object */;
}
